// !$*UTF8*$!
{
	archiveVersion = 1;
	classes = {
	};
	objectVersion = 55;
	objects = {

/* Begin PBXBuildFile section */
		8B47C6B52848C11D0025B863 /* TextViews.swift in Sources */ = {isa = PBXBuildFile; fileRef = 8B47C6B42848C11D0025B863 /* TextViews.swift */; };
		8B47C6B72848E8090025B863 /* Shapes.swift in Sources */ = {isa = PBXBuildFile; fileRef = 8B47C6B62848E8090025B863 /* Shapes.swift */; };
		8B47C6B92849009B0025B863 /* RoundViews.swift in Sources */ = {isa = PBXBuildFile; fileRef = 8B47C6B82849009B0025B863 /* RoundViews.swift */; };
		8B47C6BB284915460025B863 /* BackgroundView.swift in Sources */ = {isa = PBXBuildFile; fileRef = 8B47C6BA284915460025B863 /* BackgroundView.swift */; };
		8BAD2D65283D2B80009AABF8 /* BullseyeTests.swift in Sources */ = {isa = PBXBuildFile; fileRef = 8BAD2D64283D2B80009AABF8 /* BullseyeTests.swift */; };
		8BB6ADCF2836985B00CD1D1C /* BullseyeApp.swift in Sources */ = {isa = PBXBuildFile; fileRef = 8BB6ADCE2836985B00CD1D1C /* BullseyeApp.swift */; };
		8BB6ADD12836985B00CD1D1C /* ContentView.swift in Sources */ = {isa = PBXBuildFile; fileRef = 8BB6ADD02836985B00CD1D1C /* ContentView.swift */; };
		8BB6ADD32836985C00CD1D1C /* Assets.xcassets in Resources */ = {isa = PBXBuildFile; fileRef = 8BB6ADD22836985C00CD1D1C /* Assets.xcassets */; };
		8BB6ADD62836985C00CD1D1C /* Preview Assets.xcassets in Resources */ = {isa = PBXBuildFile; fileRef = 8BB6ADD52836985C00CD1D1C /* Preview Assets.xcassets */; };
		8BB6ADE0283AB7B600CD1D1C /* Game.swift in Sources */ = {isa = PBXBuildFile; fileRef = 8BB6ADDF283AB7B600CD1D1C /* Game.swift */; };
/* End PBXBuildFile section */

/* Begin PBXContainerItemProxy section */
		8BAD2D66283D2B80009AABF8 /* PBXContainerItemProxy */ = {
			isa = PBXContainerItemProxy;
			containerPortal = 8BB6ADC32836985B00CD1D1C /* Project object */;
			proxyType = 1;
			remoteGlobalIDString = 8BB6ADCA2836985B00CD1D1C;
			remoteInfo = Bullseye;
		};
/* End PBXContainerItemProxy section */

/* Begin PBXFileReference section */
		8B47C6B42848C11D0025B863 /* TextViews.swift */ = {isa = PBXFileReference; lastKnownFileType = sourcecode.swift; path = TextViews.swift; sourceTree = "<group>"; };
		8B47C6B62848E8090025B863 /* Shapes.swift */ = {isa = PBXFileReference; lastKnownFileType = sourcecode.swift; path = Shapes.swift; sourceTree = "<group>"; };
		8B47C6B82849009B0025B863 /* RoundViews.swift */ = {isa = PBXFileReference; lastKnownFileType = sourcecode.swift; path = RoundViews.swift; sourceTree = "<group>"; };
		8B47C6BA284915460025B863 /* BackgroundView.swift */ = {isa = PBXFileReference; lastKnownFileType = sourcecode.swift; path = BackgroundView.swift; sourceTree = "<group>"; };
		8BAD2D62283D2B80009AABF8 /* BullseyeTests.xctest */ = {isa = PBXFileReference; explicitFileType = wrapper.cfbundle; includeInIndex = 0; path = BullseyeTests.xctest; sourceTree = BUILT_PRODUCTS_DIR; };
		8BAD2D64283D2B80009AABF8 /* BullseyeTests.swift */ = {isa = PBXFileReference; lastKnownFileType = sourcecode.swift; path = BullseyeTests.swift; sourceTree = "<group>"; };
		8BB6ADCB2836985B00CD1D1C /* Bullseye.app */ = {isa = PBXFileReference; explicitFileType = wrapper.application; includeInIndex = 0; path = Bullseye.app; sourceTree = BUILT_PRODUCTS_DIR; };
		8BB6ADCE2836985B00CD1D1C /* BullseyeApp.swift */ = {isa = PBXFileReference; lastKnownFileType = sourcecode.swift; path = BullseyeApp.swift; sourceTree = "<group>"; };
		8BB6ADD02836985B00CD1D1C /* ContentView.swift */ = {isa = PBXFileReference; lastKnownFileType = sourcecode.swift; path = ContentView.swift; sourceTree = "<group>"; };
		8BB6ADD22836985C00CD1D1C /* Assets.xcassets */ = {isa = PBXFileReference; lastKnownFileType = folder.assetcatalog; path = Assets.xcassets; sourceTree = "<group>"; };
		8BB6ADD52836985C00CD1D1C /* Preview Assets.xcassets */ = {isa = PBXFileReference; lastKnownFileType = folder.assetcatalog; path = "Preview Assets.xcassets"; sourceTree = "<group>"; };
		8BB6ADDF283AB7B600CD1D1C /* Game.swift */ = {isa = PBXFileReference; lastKnownFileType = sourcecode.swift; path = Game.swift; sourceTree = "<group>"; };
/* End PBXFileReference section */

/* Begin PBXFrameworksBuildPhase section */
		8BAD2D5F283D2B80009AABF8 /* Frameworks */ = {
			isa = PBXFrameworksBuildPhase;
			buildActionMask = 2147483647;
			files = (
			);
			runOnlyForDeploymentPostprocessing = 0;
		};
		8BB6ADC82836985B00CD1D1C /* Frameworks */ = {
			isa = PBXFrameworksBuildPhase;
			buildActionMask = 2147483647;
			files = (
			);
			runOnlyForDeploymentPostprocessing = 0;
		};
/* End PBXFrameworksBuildPhase section */

/* Begin PBXGroup section */
		8BAD2D63283D2B80009AABF8 /* BullseyeTests */ = {
			isa = PBXGroup;
			children = (
				8BAD2D64283D2B80009AABF8 /* BullseyeTests.swift */,
			);
			path = BullseyeTests;
			sourceTree = "<group>";
		};
		8BB6ADC22836985B00CD1D1C = {
			isa = PBXGroup;
			children = (
				8BB6ADCD2836985B00CD1D1C /* Bullseye */,
				8BAD2D63283D2B80009AABF8 /* BullseyeTests */,
				8BB6ADCC2836985B00CD1D1C /* Products */,
			);
			sourceTree = "<group>";
		};
		8BB6ADCC2836985B00CD1D1C /* Products */ = {
			isa = PBXGroup;
			children = (
				8BB6ADCB2836985B00CD1D1C /* Bullseye.app */,
				8BAD2D62283D2B80009AABF8 /* BullseyeTests.xctest */,
			);
			name = Products;
			sourceTree = "<group>";
		};
		8BB6ADCD2836985B00CD1D1C /* Bullseye */ = {
			isa = PBXGroup;
			children = (
				8BB6ADDE283AB65C00CD1D1C /* Models */,
				8BB6ADDD283AB64F00CD1D1C /* Views */,
				8BB6ADDC283AB64500CD1D1C /* App */,
				8BB6ADD42836985C00CD1D1C /* Preview Content */,
			);
			path = Bullseye;
			sourceTree = "<group>";
		};
		8BB6ADD42836985C00CD1D1C /* Preview Content */ = {
			isa = PBXGroup;
			children = (
				8BB6ADD52836985C00CD1D1C /* Preview Assets.xcassets */,
			);
			path = "Preview Content";
			sourceTree = "<group>";
		};
		8BB6ADDC283AB64500CD1D1C /* App */ = {
			isa = PBXGroup;
			children = (
				8BB6ADCE2836985B00CD1D1C /* BullseyeApp.swift */,
				8BB6ADD22836985C00CD1D1C /* Assets.xcassets */,
			);
			path = App;
			sourceTree = "<group>";
		};
		8BB6ADDD283AB64F00CD1D1C /* Views */ = {
			isa = PBXGroup;
			children = (
				8BB6ADD02836985B00CD1D1C /* ContentView.swift */,
				8B47C6B42848C11D0025B863 /* TextViews.swift */,
				8B47C6B62848E8090025B863 /* Shapes.swift */,
				8B47C6B82849009B0025B863 /* RoundViews.swift */,
				8B47C6BA284915460025B863 /* BackgroundView.swift */,
			);
			path = Views;
			sourceTree = "<group>";
		};
		8BB6ADDE283AB65C00CD1D1C /* Models */ = {
			isa = PBXGroup;
			children = (
				8BB6ADDF283AB7B600CD1D1C /* Game.swift */,
			);
			path = Models;
			sourceTree = "<group>";
		};
/* End PBXGroup section */

/* Begin PBXNativeTarget section */
		8BAD2D61283D2B80009AABF8 /* BullseyeTests */ = {
			isa = PBXNativeTarget;
			buildConfigurationList = 8BAD2D6A283D2B80009AABF8 /* Build configuration list for PBXNativeTarget "BullseyeTests" */;
			buildPhases = (
				8BAD2D5E283D2B80009AABF8 /* Sources */,
				8BAD2D5F283D2B80009AABF8 /* Frameworks */,
				8BAD2D60283D2B80009AABF8 /* Resources */,
			);
			buildRules = (
			);
			dependencies = (
				8BAD2D67283D2B80009AABF8 /* PBXTargetDependency */,
			);
			name = BullseyeTests;
			productName = BullseyeTests;
			productReference = 8BAD2D62283D2B80009AABF8 /* BullseyeTests.xctest */;
			productType = "com.apple.product-type.bundle.unit-test";
		};
		8BB6ADCA2836985B00CD1D1C /* Bullseye */ = {
			isa = PBXNativeTarget;
			buildConfigurationList = 8BB6ADD92836985C00CD1D1C /* Build configuration list for PBXNativeTarget "Bullseye" */;
			buildPhases = (
				8BB6ADC72836985B00CD1D1C /* Sources */,
				8BB6ADC82836985B00CD1D1C /* Frameworks */,
				8BB6ADC92836985B00CD1D1C /* Resources */,
			);
			buildRules = (
			);
			dependencies = (
			);
			name = Bullseye;
			productName = Bullseye;
			productReference = 8BB6ADCB2836985B00CD1D1C /* Bullseye.app */;
			productType = "com.apple.product-type.application";
		};
/* End PBXNativeTarget section */

/* Begin PBXProject section */
		8BB6ADC32836985B00CD1D1C /* Project object */ = {
			isa = PBXProject;
			attributes = {
				BuildIndependentTargetsInParallel = 1;
				LastSwiftUpdateCheck = 1340;
				LastUpgradeCheck = 1340;
				TargetAttributes = {
					8BAD2D61283D2B80009AABF8 = {
						CreatedOnToolsVersion = 13.4;
						TestTargetID = 8BB6ADCA2836985B00CD1D1C;
					};
					8BB6ADCA2836985B00CD1D1C = {
						CreatedOnToolsVersion = 13.4;
					};
				};
			};
			buildConfigurationList = 8BB6ADC62836985B00CD1D1C /* Build configuration list for PBXProject "Bullseye" */;
			compatibilityVersion = "Xcode 13.0";
			developmentRegion = en;
			hasScannedForEncodings = 0;
			knownRegions = (
				en,
				Base,
			);
			mainGroup = 8BB6ADC22836985B00CD1D1C;
			productRefGroup = 8BB6ADCC2836985B00CD1D1C /* Products */;
			projectDirPath = "";
			projectRoot = "";
			targets = (
				8BB6ADCA2836985B00CD1D1C /* Bullseye */,
				8BAD2D61283D2B80009AABF8 /* BullseyeTests */,
			);
		};
/* End PBXProject section */

/* Begin PBXResourcesBuildPhase section */
		8BAD2D60283D2B80009AABF8 /* Resources */ = {
			isa = PBXResourcesBuildPhase;
			buildActionMask = 2147483647;
			files = (
			);
			runOnlyForDeploymentPostprocessing = 0;
		};
		8BB6ADC92836985B00CD1D1C /* Resources */ = {
			isa = PBXResourcesBuildPhase;
			buildActionMask = 2147483647;
			files = (
				8BB6ADD62836985C00CD1D1C /* Preview Assets.xcassets in Resources */,
				8BB6ADD32836985C00CD1D1C /* Assets.xcassets in Resources */,
			);
			runOnlyForDeploymentPostprocessing = 0;
		};
/* End PBXResourcesBuildPhase section */

/* Begin PBXSourcesBuildPhase section */
		8BAD2D5E283D2B80009AABF8 /* Sources */ = {
			isa = PBXSourcesBuildPhase;
			buildActionMask = 2147483647;
			files = (
				8BAD2D65283D2B80009AABF8 /* BullseyeTests.swift in Sources */,
			);
			runOnlyForDeploymentPostprocessing = 0;
		};
		8BB6ADC72836985B00CD1D1C /* Sources */ = {
			isa = PBXSourcesBuildPhase;
			buildActionMask = 2147483647;
			files = (
				8BB6ADD12836985B00CD1D1C /* ContentView.swift in Sources */,
				8B47C6B52848C11D0025B863 /* TextViews.swift in Sources */,
				8B47C6B72848E8090025B863 /* Shapes.swift in Sources */,
				8B47C6BB284915460025B863 /* BackgroundView.swift in Sources */,
				8BB6ADE0283AB7B600CD1D1C /* Game.swift in Sources */,
				8BB6ADCF2836985B00CD1D1C /* BullseyeApp.swift in Sources */,
				8B47C6B92849009B0025B863 /* RoundViews.swift in Sources */,
			);
			runOnlyForDeploymentPostprocessing = 0;
		};
/* End PBXSourcesBuildPhase section */

/* Begin PBXTargetDependency section */
		8BAD2D67283D2B80009AABF8 /* PBXTargetDependency */ = {
			isa = PBXTargetDependency;
			target = 8BB6ADCA2836985B00CD1D1C /* Bullseye */;
			targetProxy = 8BAD2D66283D2B80009AABF8 /* PBXContainerItemProxy */;
		};
/* End PBXTargetDependency section */

/* Begin XCBuildConfiguration section */
		8BAD2D68283D2B80009AABF8 /* Debug */ = {
			isa = XCBuildConfiguration;
			buildSettings = {
				BUNDLE_LOADER = "$(TEST_HOST)";
				CODE_SIGN_STYLE = Automatic;
				CURRENT_PROJECT_VERSION = 1;
				DEVELOPMENT_TEAM = P2ZHE98UE3;
				GENERATE_INFOPLIST_FILE = YES;
				MARKETING_VERSION = 1.0;
				PRODUCT_BUNDLE_IDENTIFIER = com.mhp.jadval.BullseyeTests;
				PRODUCT_NAME = "$(TARGET_NAME)";
				SWIFT_EMIT_LOC_STRINGS = NO;
				SWIFT_VERSION = 5.0;
				TARGETED_DEVICE_FAMILY = "1,2";
				TEST_HOST = "$(BUILT_PRODUCTS_DIR)/Bullseye.app/Bullseye";
			};
			name = Debug;
		};
		8BAD2D69283D2B80009AABF8 /* Release */ = {
			isa = XCBuildConfiguration;
			buildSettings = {
				BUNDLE_LOADER = "$(TEST_HOST)";
				CODE_SIGN_STYLE = Automatic;
				CURRENT_PROJECT_VERSION = 1;
				DEVELOPMENT_TEAM = P2ZHE98UE3;
				GENERATE_INFOPLIST_FILE = YES;
				MARKETING_VERSION = 1.0;
				PRODUCT_BUNDLE_IDENTIFIER = com.mhp.jadval.BullseyeTests;
				PRODUCT_NAME = "$(TARGET_NAME)";
				SWIFT_EMIT_LOC_STRINGS = NO;
				SWIFT_VERSION = 5.0;
				TARGETED_DEVICE_FAMILY = "1,2";
				TEST_HOST = "$(BUILT_PRODUCTS_DIR)/Bullseye.app/Bullseye";
			};
			name = Release;
		};
		8BB6ADD72836985C00CD1D1C /* Debug */ = {
			isa = XCBuildConfiguration;
			buildSettings = {
				ALWAYS_SEARCH_USER_PATHS = NO;
				CLANG_ANALYZER_NONNULL = YES;
				CLANG_ANALYZER_NUMBER_OBJECT_CONVERSION = YES_AGGRESSIVE;
				CLANG_CXX_LANGUAGE_STANDARD = "gnu++17";
				CLANG_ENABLE_MODULES = YES;
				CLANG_ENABLE_OBJC_ARC = YES;
				CLANG_ENABLE_OBJC_WEAK = YES;
				CLANG_WARN_BLOCK_CAPTURE_AUTORELEASING = YES;
				CLANG_WARN_BOOL_CONVERSION = YES;
				CLANG_WARN_COMMA = YES;
				CLANG_WARN_CONSTANT_CONVERSION = YES;
				CLANG_WARN_DEPRECATED_OBJC_IMPLEMENTATIONS = YES;
				CLANG_WARN_DIRECT_OBJC_ISA_USAGE = YES_ERROR;
				CLANG_WARN_DOCUMENTATION_COMMENTS = YES;
				CLANG_WARN_EMPTY_BODY = YES;
				CLANG_WARN_ENUM_CONVERSION = YES;
				CLANG_WARN_INFINITE_RECURSION = YES;
				CLANG_WARN_INT_CONVERSION = YES;
				CLANG_WARN_NON_LITERAL_NULL_CONVERSION = YES;
				CLANG_WARN_OBJC_IMPLICIT_RETAIN_SELF = YES;
				CLANG_WARN_OBJC_LITERAL_CONVERSION = YES;
				CLANG_WARN_OBJC_ROOT_CLASS = YES_ERROR;
				CLANG_WARN_QUOTED_INCLUDE_IN_FRAMEWORK_HEADER = YES;
				CLANG_WARN_RANGE_LOOP_ANALYSIS = YES;
				CLANG_WARN_STRICT_PROTOTYPES = YES;
				CLANG_WARN_SUSPICIOUS_MOVE = YES;
				CLANG_WARN_UNGUARDED_AVAILABILITY = YES_AGGRESSIVE;
				CLANG_WARN_UNREACHABLE_CODE = YES;
				CLANG_WARN__DUPLICATE_METHOD_MATCH = YES;
				COPY_PHASE_STRIP = NO;
				DEBUG_INFORMATION_FORMAT = dwarf;
				ENABLE_STRICT_OBJC_MSGSEND = YES;
				ENABLE_TESTABILITY = YES;
				GCC_C_LANGUAGE_STANDARD = gnu11;
				GCC_DYNAMIC_NO_PIC = NO;
				GCC_NO_COMMON_BLOCKS = YES;
				GCC_OPTIMIZATION_LEVEL = 0;
				GCC_PREPROCESSOR_DEFINITIONS = (
					"DEBUG=1",
					"$(inherited)",
				);
				GCC_WARN_64_TO_32_BIT_CONVERSION = YES;
				GCC_WARN_ABOUT_RETURN_TYPE = YES_ERROR;
				GCC_WARN_UNDECLARED_SELECTOR = YES;
				GCC_WARN_UNINITIALIZED_AUTOS = YES_AGGRESSIVE;
				GCC_WARN_UNUSED_FUNCTION = YES;
				GCC_WARN_UNUSED_VARIABLE = YES;
				IPHONEOS_DEPLOYMENT_TARGET = 15.5;
				MTL_ENABLE_DEBUG_INFO = INCLUDE_SOURCE;
				MTL_FAST_MATH = YES;
				ONLY_ACTIVE_ARCH = YES;
				SDKROOT = iphoneos;
				SWIFT_ACTIVE_COMPILATION_CONDITIONS = DEBUG;
				SWIFT_OPTIMIZATION_LEVEL = "-Onone";
			};
			name = Debug;
		};
		8BB6ADD82836985C00CD1D1C /* Release */ = {
			isa = XCBuildConfiguration;
			buildSettings = {
				ALWAYS_SEARCH_USER_PATHS = NO;
				CLANG_ANALYZER_NONNULL = YES;
				CLANG_ANALYZER_NUMBER_OBJECT_CONVERSION = YES_AGGRESSIVE;
				CLANG_CXX_LANGUAGE_STANDARD = "gnu++17";
				CLANG_ENABLE_MODULES = YES;
				CLANG_ENABLE_OBJC_ARC = YES;
				CLANG_ENABLE_OBJC_WEAK = YES;
				CLANG_WARN_BLOCK_CAPTURE_AUTORELEASING = YES;
				CLANG_WARN_BOOL_CONVERSION = YES;
				CLANG_WARN_COMMA = YES;
				CLANG_WARN_CONSTANT_CONVERSION = YES;
				CLANG_WARN_DEPRECATED_OBJC_IMPLEMENTATIONS = YES;
				CLANG_WARN_DIRECT_OBJC_ISA_USAGE = YES_ERROR;
				CLANG_WARN_DOCUMENTATION_COMMENTS = YES;
				CLANG_WARN_EMPTY_BODY = YES;
				CLANG_WARN_ENUM_CONVERSION = YES;
				CLANG_WARN_INFINITE_RECURSION = YES;
				CLANG_WARN_INT_CONVERSION = YES;
				CLANG_WARN_NON_LITERAL_NULL_CONVERSION = YES;
				CLANG_WARN_OBJC_IMPLICIT_RETAIN_SELF = YES;
				CLANG_WARN_OBJC_LITERAL_CONVERSION = YES;
				CLANG_WARN_OBJC_ROOT_CLASS = YES_ERROR;
				CLANG_WARN_QUOTED_INCLUDE_IN_FRAMEWORK_HEADER = YES;
				CLANG_WARN_RANGE_LOOP_ANALYSIS = YES;
				CLANG_WARN_STRICT_PROTOTYPES = YES;
				CLANG_WARN_SUSPICIOUS_MOVE = YES;
				CLANG_WARN_UNGUARDED_AVAILABILITY = YES_AGGRESSIVE;
				CLANG_WARN_UNREACHABLE_CODE = YES;
				CLANG_WARN__DUPLICATE_METHOD_MATCH = YES;
				COPY_PHASE_STRIP = NO;
				DEBUG_INFORMATION_FORMAT = "dwarf-with-dsym";
				ENABLE_NS_ASSERTIONS = NO;
				ENABLE_STRICT_OBJC_MSGSEND = YES;
				GCC_C_LANGUAGE_STANDARD = gnu11;
				GCC_NO_COMMON_BLOCKS = YES;
				GCC_WARN_64_TO_32_BIT_CONVERSION = YES;
				GCC_WARN_ABOUT_RETURN_TYPE = YES_ERROR;
				GCC_WARN_UNDECLARED_SELECTOR = YES;
				GCC_WARN_UNINITIALIZED_AUTOS = YES_AGGRESSIVE;
				GCC_WARN_UNUSED_FUNCTION = YES;
				GCC_WARN_UNUSED_VARIABLE = YES;
				IPHONEOS_DEPLOYMENT_TARGET = 15.5;
				MTL_ENABLE_DEBUG_INFO = NO;
				MTL_FAST_MATH = YES;
				SDKROOT = iphoneos;
				SWIFT_COMPILATION_MODE = wholemodule;
				SWIFT_OPTIMIZATION_LEVEL = "-O";
				VALIDATE_PRODUCT = YES;
			};
			name = Release;
		};
		8BB6ADDA2836985C00CD1D1C /* Debug */ = {
			isa = XCBuildConfiguration;
			buildSettings = {
				ASSETCATALOG_COMPILER_APPICON_NAME = AppIcon;
				ASSETCATALOG_COMPILER_GLOBAL_ACCENT_COLOR_NAME = AccentColor;
				CODE_SIGN_STYLE = Automatic;
				CURRENT_PROJECT_VERSION = 1;
				DEVELOPMENT_ASSET_PATHS = "\"Bullseye/Preview Content\"";
				DEVELOPMENT_TEAM = P2ZHE98UE3;
				ENABLE_PREVIEWS = YES;
				GENERATE_INFOPLIST_FILE = YES;
				INFOPLIST_KEY_UIApplicationSceneManifest_Generation = YES;
				INFOPLIST_KEY_UIApplicationSupportsIndirectInputEvents = YES;
				INFOPLIST_KEY_UILaunchScreen_Generation = YES;
				INFOPLIST_KEY_UISupportedInterfaceOrientations_iPad = "UIInterfaceOrientationPortrait UIInterfaceOrientationPortraitUpsideDown UIInterfaceOrientationLandscapeLeft UIInterfaceOrientationLandscapeRight";
				INFOPLIST_KEY_UISupportedInterfaceOrientations_iPhone = "UIInterfaceOrientationPortrait UIInterfaceOrientationLandscapeLeft UIInterfaceOrientationLandscapeRight";
				LD_RUNPATH_SEARCH_PATHS = (
					"$(inherited)",
					"@executable_path/Frameworks",
				);
				MARKETING_VERSION = 1.0;
				PRODUCT_BUNDLE_IDENTIFIER = com.mhp.jadval.Bullseye;
				PRODUCT_NAME = "$(TARGET_NAME)";
				SWIFT_EMIT_LOC_STRINGS = YES;
				SWIFT_VERSION = 5.0;
				TARGETED_DEVICE_FAMILY = "1,2";
			};
			name = Debug;
		};
		8BB6ADDB2836985C00CD1D1C /* Release */ = {
			isa = XCBuildConfiguration;
			buildSettings = {
				ASSETCATALOG_COMPILER_APPICON_NAME = AppIcon;
				ASSETCATALOG_COMPILER_GLOBAL_ACCENT_COLOR_NAME = AccentColor;
				CODE_SIGN_STYLE = Automatic;
				CURRENT_PROJECT_VERSION = 1;
				DEVELOPMENT_ASSET_PATHS = "\"Bullseye/Preview Content\"";
				DEVELOPMENT_TEAM = P2ZHE98UE3;
				ENABLE_PREVIEWS = YES;
				GENERATE_INFOPLIST_FILE = YES;
				INFOPLIST_KEY_UIApplicationSceneManifest_Generation = YES;
				INFOPLIST_KEY_UIApplicationSupportsIndirectInputEvents = YES;
				INFOPLIST_KEY_UILaunchScreen_Generation = YES;
				INFOPLIST_KEY_UISupportedInterfaceOrientations_iPad = "UIInterfaceOrientationPortrait UIInterfaceOrientationPortraitUpsideDown UIInterfaceOrientationLandscapeLeft UIInterfaceOrientationLandscapeRight";
				INFOPLIST_KEY_UISupportedInterfaceOrientations_iPhone = "UIInterfaceOrientationPortrait UIInterfaceOrientationLandscapeLeft UIInterfaceOrientationLandscapeRight";
				LD_RUNPATH_SEARCH_PATHS = (
					"$(inherited)",
					"@executable_path/Frameworks",
				);
				MARKETING_VERSION = 1.0;
				PRODUCT_BUNDLE_IDENTIFIER = com.mhp.jadval.Bullseye;
				PRODUCT_NAME = "$(TARGET_NAME)";
				SWIFT_EMIT_LOC_STRINGS = YES;
				SWIFT_VERSION = 5.0;
				TARGETED_DEVICE_FAMILY = "1,2";
			};
			name = Release;
		};
/* End XCBuildConfiguration section */

/* Begin XCConfigurationList section */
		8BAD2D6A283D2B80009AABF8 /* Build configuration list for PBXNativeTarget "BullseyeTests" */ = {
			isa = XCConfigurationList;
			buildConfigurations = (
				8BAD2D68283D2B80009AABF8 /* Debug */,
				8BAD2D69283D2B80009AABF8 /* Release */,
			);
			defaultConfigurationIsVisible = 0;
			defaultConfigurationName = Release;
		};
		8BB6ADC62836985B00CD1D1C /* Build configuration list for PBXProject "Bullseye" */ = {
			isa = XCConfigurationList;
			buildConfigurations = (
				8BB6ADD72836985C00CD1D1C /* Debug */,
				8BB6ADD82836985C00CD1D1C /* Release */,
			);
			defaultConfigurationIsVisible = 0;
			defaultConfigurationName = Release;
		};
		8BB6ADD92836985C00CD1D1C /* Build configuration list for PBXNativeTarget "Bullseye" */ = {
			isa = XCConfigurationList;
			buildConfigurations = (
				8BB6ADDA2836985C00CD1D1C /* Debug */,
				8BB6ADDB2836985C00CD1D1C /* Release */,
			);
			defaultConfigurationIsVisible = 0;
			defaultConfigurationName = Release;
		};
/* End XCConfigurationList section */
	};
	rootObject = 8BB6ADC32836985B00CD1D1C /* Project object */;
}
